
Microsoft Visual Studio Solution File, Format Version 12.00
# Visual Studio Version 17
VisualStudioVersion = 17.5.002.0
MinimumVisualStudioVersion = 10.0.40219.1
Project("{9A19103F-16F7-4668-BE54-9A1E7A4F7556}") = "ArgentoApp.Frontend.Mvc", "ArgentoApp.Frontend.Mvc.csproj", "{0D5B387C-3CA5-4472-A3B5-7B7CC758950D}"
EndProject
Global
	GlobalSection(SolutionConfigurationPlatforms) = preSolution
		Debug|Any CPU = Debug|Any CPU
		Release|Any CPU = Release|Any CPU
	EndGlobalSection
	GlobalSection(ProjectConfigurationPlatforms) = postSolution
		{0D5B387C-3CA5-4472-A3B5-7B7CC758950D}.Debug|Any CPU.ActiveCfg = Debug|Any CPU
		{0D5B387C-3CA5-4472-A3B5-7B7CC758950D}.Debug|Any CPU.Build.0 = Debug|Any CPU
		{0D5B387C-3CA5-4472-A3B5-7B7CC758950D}.Release|Any CPU.ActiveCfg = Release|Any CPU
		{0D5B387C-3CA5-4472-A3B5-7B7CC758950D}.Release|Any CPU.Build.0 = Release|Any CPU
	EndGlobalSection
	GlobalSection(SolutionProperties) = preSolution
		HideSolutionNode = FALSE
	EndGlobalSection
	GlobalSection(ExtensibilityGlobals) = postSolution
		SolutionGuid = {0235B171-A389-4BF7-9CDA-176614991F18}
	EndGlobalSection
EndGlobal
